
Microsoft Visual Studio Solution File, Format Version 12.00
# Visual Studio Version 16
VisualStudioVersion = 16.0.32802.440
MinimumVisualStudioVersion = 10.0.40219.1
Project("{FAE04EC0-301F-11D3-BF4B-00C04F79EFBC}") = "PAUP_2023", "PAUP_2023.csproj", "{E276D7AB-7063-4F1F-8BC2-F014937DBA36}"
EndProject
Global
	GlobalSection(SolutionConfigurationPlatforms) = preSolution
		Debug|Any CPU = Debug|Any CPU
		Release|Any CPU = Release|Any CPU
	EndGlobalSection
	GlobalSection(ProjectConfigurationPlatforms) = postSolution
		{E276D7AB-7063-4F1F-8BC2-F014937DBA36}.Debug|Any CPU.ActiveCfg = Debug|Any CPU
		{E276D7AB-7063-4F1F-8BC2-F014937DBA36}.Debug|Any CPU.Build.0 = Debug|Any CPU
		{E276D7AB-7063-4F1F-8BC2-F014937DBA36}.Release|Any CPU.ActiveCfg = Release|Any CPU
		{E276D7AB-7063-4F1F-8BC2-F014937DBA36}.Release|Any CPU.Build.0 = Release|Any CPU
	EndGlobalSection
	GlobalSection(SolutionProperties) = preSolution
		HideSolutionNode = FALSE
	EndGlobalSection
	GlobalSection(ExtensibilityGlobals) = postSolution
		SolutionGuid = {62FBCE8F-AB9B-4528-9ED8-BE3305924808}
	EndGlobalSection
EndGlobal
